
Microsoft Visual Studio Solution File, Format Version 12.00
# Visual Studio Version 17
VisualStudioVersion = 17.14.35821.62 d17.14
MinimumVisualStudioVersion = 10.0.40219.1
Project("{FAE04EC0-301F-11D3-BF4B-00C04F79EFBC}") = "小女仆君", "小女仆君.csproj", "{15CD3078-C5DD-436B-B482-825CF7E41F05}"
EndProject
Global
	GlobalSection(SolutionConfigurationPlatforms) = preSolution
		Debug|Any CPU = Debug|Any CPU
		Debug|ARM64 = Debug|ARM64
		Release|Any CPU = Release|Any CPU
		Release|ARM64 = Release|ARM64
	EndGlobalSection
	GlobalSection(ProjectConfigurationPlatforms) = postSolution
		{15CD3078-C5DD-436B-B482-825CF7E41F05}.Debug|Any CPU.ActiveCfg = Debug|Any CPU
		{15CD3078-C5DD-436B-B482-825CF7E41F05}.Debug|Any CPU.Build.0 = Debug|Any CPU
		{15CD3078-C5DD-436B-B482-825CF7E41F05}.Debug|ARM64.ActiveCfg = Debug|Any CPU
		{15CD3078-C5DD-436B-B482-825CF7E41F05}.Debug|ARM64.Build.0 = Debug|Any CPU
		{15CD3078-C5DD-436B-B482-825CF7E41F05}.Release|Any CPU.ActiveCfg = Release|Any CPU
		{15CD3078-C5DD-436B-B482-825CF7E41F05}.Release|Any CPU.Build.0 = Release|Any CPU
		{15CD3078-C5DD-436B-B482-825CF7E41F05}.Release|ARM64.ActiveCfg = Release|ARM64
		{15CD3078-C5DD-436B-B482-825CF7E41F05}.Release|ARM64.Build.0 = Release|ARM64
	EndGlobalSection
	GlobalSection(SolutionProperties) = preSolution
		HideSolutionNode = FALSE
	EndGlobalSection
	GlobalSection(ExtensibilityGlobals) = postSolution
		SolutionGuid = {4F804B81-1469-45F1-B9E0-6BB2524F934F}
	EndGlobalSection
EndGlobal
